{
  "originHash" : "e7cecf26ee79df228d3f2e2286d36a09c94f6aaa1ed57da409111a16bb60b2dd",
  "pins" : [
    {
      "identity" : "bvplayer-ios",
      "kind" : "remoteSourceControl",
      "location" : "https://github.com/BlendVision/bvplayer-ios",
      "state" : {
        "revision" : "535552e34fa4067c8e60848a81a839fb2220ae04",
        "version" : "4.1.0"
      }
    },
    {
      "identity" : "ios-playback-link-sdk",
      "kind" : "remoteSourceControl",
      "location" : "https://github.com/BlendVision/iOS-Playback-Link-SDK",
      "state" : {
        "branch" : "main",
        "revision" : "ce3221abf6b8aed53b888c2de63aa0c9d21c34b4"
      }
    },
    {
      "identity" : "ios-player-uicontrols-sdk",
      "kind" : "remoteSourceControl",
      "location" : "https://github.com/BlendVision/iOS-Player-UIControls-SDK",
      "state" : {
        "revision" : "2feea4bd72509c6b71b8894cdcdab37caa93ab1d",
        "version" : "1.0.0"
      }
    }
  ],
  "version" : 3
}
