// !$*UTF8*$!
{
	archiveVersion = 1;
	classes = {
	};
	objectVersion = 56;
	objects = {

/* Begin PBXBuildFile section */
		A30BCCDF2CB1987200BCEBE8 /* AppDelegate.swift in Sources */ = {isa = PBXBuildFile; fileRef = A30BCCDE2CB1987200BCEBE8 /* AppDelegate.swift */; };
		A30BCCE12CB1987200BCEBE8 /* SceneDelegate.swift in Sources */ = {isa = PBXBuildFile; fileRef = A30BCCE02CB1987200BCEBE8 /* SceneDelegate.swift */; };
		A30BCCE32CB1987200BCEBE8 /* ViewController.swift in Sources */ = {isa = PBXBuildFile; fileRef = A30BCCE22CB1987200BCEBE8 /* ViewController.swift */; };
		A30BCCE62CB1987200BCEBE8 /* Base in Resources */ = {isa = PBXBuildFile; fileRef = A30BCCE52CB1987200BCEBE8 /* Base */; };
		A30BCCE82CB1987400BCEBE8 /* Assets.xcassets in Resources */ = {isa = PBXBuildFile; fileRef = A30BCCE72CB1987400BCEBE8 /* Assets.xcassets */; };
		A30BCCEB2CB1987400BCEBE8 /* Base in Resources */ = {isa = PBXBuildFile; fileRef = A30BCCEA2CB1987400BCEBE8 /* Base */; };
		A30BCD102CB1995000BCEBE8 /* BVPlayer in Frameworks */ = {isa = PBXBuildFile; productRef = A30BCD0F2CB1995000BCEBE8 /* BVPlayer */; };
		A30BCD132CB1995D00BCEBE8 /* BVUIControls in Frameworks */ = {isa = PBXBuildFile; productRef = A30BCD122CB1995D00BCEBE8 /* BVUIControls */; };
		A30BCD1C2CB19C8000BCEBE8 /* Preference.swift in Sources */ = {isa = PBXBuildFile; fileRef = A30BCD1B2CB19C8000BCEBE8 /* Preference.swift */; };
		A30BCD1F2CB19EB500BCEBE8 /* BVPlaybackLink.xcframework in Frameworks */ = {isa = PBXBuildFile; fileRef = A30BCD1D2CB19EA100BCEBE8 /* BVPlaybackLink.xcframework */; };
		A30BCD202CB19EB500BCEBE8 /* BVPlaybackLink.xcframework in Embed Frameworks */ = {isa = PBXBuildFile; fileRef = A30BCD1D2CB19EA100BCEBE8 /* BVPlaybackLink.xcframework */; settings = {ATTRIBUTES = (CodeSignOnCopy, RemoveHeadersOnCopy, ); }; };
		A30BCD262CB3B31900BCEBE8 /* README.md in Resources */ = {isa = PBXBuildFile; fileRef = A30BCD252CB3B31900BCEBE8 /* README.md */; };
/* End PBXBuildFile section */

/* Begin PBXCopyFilesBuildPhase section */
		A30BCD182CB19B6400BCEBE8 /* Embed Frameworks */ = {
			isa = PBXCopyFilesBuildPhase;
			buildActionMask = 2147483647;
			dstPath = "";
			dstSubfolderSpec = 10;
			files = (
				A30BCD202CB19EB500BCEBE8 /* BVPlaybackLink.xcframework in Embed Frameworks */,
			);
			name = "Embed Frameworks";
			runOnlyForDeploymentPostprocessing = 0;
		};
/* End PBXCopyFilesBuildPhase section */

/* Begin PBXFileReference section */
		A30BCCDB2CB1987200BCEBE8 /* BVPlaybackLinkSample.app */ = {isa = PBXFileReference; explicitFileType = wrapper.application; includeInIndex = 0; path = BVPlaybackLinkSample.app; sourceTree = BUILT_PRODUCTS_DIR; };
		A30BCCDE2CB1987200BCEBE8 /* AppDelegate.swift */ = {isa = PBXFileReference; lastKnownFileType = sourcecode.swift; path = AppDelegate.swift; sourceTree = "<group>"; };
		A30BCCE02CB1987200BCEBE8 /* SceneDelegate.swift */ = {isa = PBXFileReference; lastKnownFileType = sourcecode.swift; path = SceneDelegate.swift; sourceTree = "<group>"; };
		A30BCCE22CB1987200BCEBE8 /* ViewController.swift */ = {isa = PBXFileReference; lastKnownFileType = sourcecode.swift; path = ViewController.swift; sourceTree = "<group>"; };
		A30BCCE52CB1987200BCEBE8 /* Base */ = {isa = PBXFileReference; lastKnownFileType = file.storyboard; name = Base; path = Base.lproj/Main.storyboard; sourceTree = "<group>"; };
		A30BCCE72CB1987400BCEBE8 /* Assets.xcassets */ = {isa = PBXFileReference; lastKnownFileType = folder.assetcatalog; path = Assets.xcassets; sourceTree = "<group>"; };
		A30BCCEA2CB1987400BCEBE8 /* Base */ = {isa = PBXFileReference; lastKnownFileType = file.storyboard; name = Base; path = Base.lproj/LaunchScreen.storyboard; sourceTree = "<group>"; };
		A30BCCEC2CB1987400BCEBE8 /* Info.plist */ = {isa = PBXFileReference; lastKnownFileType = text.plist.xml; path = Info.plist; sourceTree = "<group>"; };
		A30BCD1B2CB19C8000BCEBE8 /* Preference.swift */ = {isa = PBXFileReference; fileEncoding = 4; lastKnownFileType = sourcecode.swift; path = Preference.swift; sourceTree = "<group>"; };
		A30BCD1D2CB19EA100BCEBE8 /* BVPlaybackLink.xcframework */ = {isa = PBXFileReference; lastKnownFileType = wrapper.xcframework; path = BVPlaybackLink.xcframework; sourceTree = "<group>"; };
		A30BCD252CB3B31900BCEBE8 /* README.md */ = {isa = PBXFileReference; fileEncoding = 4; lastKnownFileType = net.daringfireball.markdown; name = README.md; path = ../../README.md; sourceTree = "<group>"; };
/* End PBXFileReference section */

/* Begin PBXFrameworksBuildPhase section */
		A30BCCD82CB1987200BCEBE8 /* Frameworks */ = {
			isa = PBXFrameworksBuildPhase;
			buildActionMask = 2147483647;
			files = (
				A30BCD132CB1995D00BCEBE8 /* BVUIControls in Frameworks */,
				A30BCD102CB1995000BCEBE8 /* BVPlayer in Frameworks */,
				A30BCD1F2CB19EB500BCEBE8 /* BVPlaybackLink.xcframework in Frameworks */,
			);
			runOnlyForDeploymentPostprocessing = 0;
		};
/* End PBXFrameworksBuildPhase section */

/* Begin PBXGroup section */
		A30BCCD22CB1987200BCEBE8 = {
			isa = PBXGroup;
			children = (
				A30BCCDD2CB1987200BCEBE8 /* BVPlaybackLinkSample */,
				A30BCCDC2CB1987200BCEBE8 /* Products */,
			);
			sourceTree = "<group>";
		};
		A30BCCDC2CB1987200BCEBE8 /* Products */ = {
			isa = PBXGroup;
			children = (
				A30BCCDB2CB1987200BCEBE8 /* BVPlaybackLinkSample.app */,
			);
			name = Products;
			sourceTree = "<group>";
		};
		A30BCCDD2CB1987200BCEBE8 /* BVPlaybackLinkSample */ = {
			isa = PBXGroup;
			children = (
				A30BCCDE2CB1987200BCEBE8 /* AppDelegate.swift */,
				A30BCCE02CB1987200BCEBE8 /* SceneDelegate.swift */,
				A30BCD1B2CB19C8000BCEBE8 /* Preference.swift */,
				A30BCCE22CB1987200BCEBE8 /* ViewController.swift */,
				A30BCCE42CB1987200BCEBE8 /* Main.storyboard */,
				A30BCCE72CB1987400BCEBE8 /* Assets.xcassets */,
				A30BCCE92CB1987400BCEBE8 /* LaunchScreen.storyboard */,
				A30BCCEC2CB1987400BCEBE8 /* Info.plist */,
				A30BCD1D2CB19EA100BCEBE8 /* BVPlaybackLink.xcframework */,
				A30BCD252CB3B31900BCEBE8 /* README.md */,
			);
			path = BVPlaybackLinkSample;
			sourceTree = "<group>";
		};
/* End PBXGroup section */

/* Begin PBXNativeTarget section */
		A30BCCDA2CB1987200BCEBE8 /* BVPlaybackLinkSample */ = {
			isa = PBXNativeTarget;
			buildConfigurationList = A30BCD052CB1987700BCEBE8 /* Build configuration list for PBXNativeTarget "BVPlaybackLinkSample" */;
			buildPhases = (
				A30BCCD72CB1987200BCEBE8 /* Sources */,
				A30BCCD82CB1987200BCEBE8 /* Frameworks */,
				A30BCCD92CB1987200BCEBE8 /* Resources */,
				A30BCD182CB19B6400BCEBE8 /* Embed Frameworks */,
			);
			buildRules = (
			);
			dependencies = (
			);
			name = BVPlaybackLinkSample;
			packageProductDependencies = (
				A30BCD0F2CB1995000BCEBE8 /* BVPlayer */,
				A30BCD122CB1995D00BCEBE8 /* BVUIControls */,
			);
			productName = BVPlaybackLinkSample;
			productReference = A30BCCDB2CB1987200BCEBE8 /* BVPlaybackLinkSample.app */;
			productType = "com.apple.product-type.application";
		};
/* End PBXNativeTarget section */

/* Begin PBXProject section */
		A30BCCD32CB1987200BCEBE8 /* Project object */ = {
			isa = PBXProject;
			attributes = {
				BuildIndependentTargetsInParallel = 1;
				LastSwiftUpdateCheck = 1540;
				LastUpgradeCheck = 1540;
				TargetAttributes = {
					A30BCCDA2CB1987200BCEBE8 = {
						CreatedOnToolsVersion = 15.4;
					};
				};
			};
			buildConfigurationList = A30BCCD62CB1987200BCEBE8 /* Build configuration list for PBXProject "BVPlaybackLinkSample" */;
			compatibilityVersion = "Xcode 14.0";
			developmentRegion = en;
			hasScannedForEncodings = 0;
			knownRegions = (
				en,
				Base,
			);
			mainGroup = A30BCCD22CB1987200BCEBE8;
			packageReferences = (
				A30BCD0E2CB1995000BCEBE8 /* XCRemoteSwiftPackageReference "bvplayer-ios" */,
				A30BCD112CB1995D00BCEBE8 /* XCRemoteSwiftPackageReference "iOS-Player-UIControls-SDK" */,
			);
			productRefGroup = A30BCCDC2CB1987200BCEBE8 /* Products */;
			projectDirPath = "";
			projectRoot = "";
			targets = (
				A30BCCDA2CB1987200BCEBE8 /* BVPlaybackLinkSample */,
			);
		};
/* End PBXProject section */

/* Begin PBXResourcesBuildPhase section */
		A30BCCD92CB1987200BCEBE8 /* Resources */ = {
			isa = PBXResourcesBuildPhase;
			buildActionMask = 2147483647;
			files = (
				A30BCCE82CB1987400BCEBE8 /* Assets.xcassets in Resources */,
				A30BCCEB2CB1987400BCEBE8 /* Base in Resources */,
				A30BCD262CB3B31900BCEBE8 /* README.md in Resources */,
				A30BCCE62CB1987200BCEBE8 /* Base in Resources */,
			);
			runOnlyForDeploymentPostprocessing = 0;
		};
/* End PBXResourcesBuildPhase section */

/* Begin PBXSourcesBuildPhase section */
		A30BCCD72CB1987200BCEBE8 /* Sources */ = {
			isa = PBXSourcesBuildPhase;
			buildActionMask = 2147483647;
			files = (
				A30BCD1C2CB19C8000BCEBE8 /* Preference.swift in Sources */,
				A30BCCE32CB1987200BCEBE8 /* ViewController.swift in Sources */,
				A30BCCDF2CB1987200BCEBE8 /* AppDelegate.swift in Sources */,
				A30BCCE12CB1987200BCEBE8 /* SceneDelegate.swift in Sources */,
			);
			runOnlyForDeploymentPostprocessing = 0;
		};
/* End PBXSourcesBuildPhase section */

/* Begin PBXVariantGroup section */
		A30BCCE42CB1987200BCEBE8 /* Main.storyboard */ = {
			isa = PBXVariantGroup;
			children = (
				A30BCCE52CB1987200BCEBE8 /* Base */,
			);
			name = Main.storyboard;
			sourceTree = "<group>";
		};
		A30BCCE92CB1987400BCEBE8 /* LaunchScreen.storyboard */ = {
			isa = PBXVariantGroup;
			children = (
				A30BCCEA2CB1987400BCEBE8 /* Base */,
			);
			name = LaunchScreen.storyboard;
			sourceTree = "<group>";
		};
/* End PBXVariantGroup section */

/* Begin XCBuildConfiguration section */
		A30BCD032CB1987700BCEBE8 /* Debug */ = {
			isa = XCBuildConfiguration;
			buildSettings = {
				ALWAYS_SEARCH_USER_PATHS = NO;
				ASSETCATALOG_COMPILER_GENERATE_SWIFT_ASSET_SYMBOL_EXTENSIONS = YES;
				CLANG_ANALYZER_NONNULL = YES;
				CLANG_ANALYZER_NUMBER_OBJECT_CONVERSION = YES_AGGRESSIVE;
				CLANG_CXX_LANGUAGE_STANDARD = "gnu++20";
				CLANG_ENABLE_MODULES = YES;
				CLANG_ENABLE_OBJC_ARC = YES;
				CLANG_ENABLE_OBJC_WEAK = YES;
				CLANG_WARN_BLOCK_CAPTURE_AUTORELEASING = YES;
				CLANG_WARN_BOOL_CONVERSION = YES;
				CLANG_WARN_COMMA = YES;
				CLANG_WARN_CONSTANT_CONVERSION = YES;
				CLANG_WARN_DEPRECATED_OBJC_IMPLEMENTATIONS = YES;
				CLANG_WARN_DIRECT_OBJC_ISA_USAGE = YES_ERROR;
				CLANG_WARN_DOCUMENTATION_COMMENTS = YES;
				CLANG_WARN_EMPTY_BODY = YES;
				CLANG_WARN_ENUM_CONVERSION = YES;
				CLANG_WARN_INFINITE_RECURSION = YES;
				CLANG_WARN_INT_CONVERSION = YES;
				CLANG_WARN_NON_LITERAL_NULL_CONVERSION = YES;
				CLANG_WARN_OBJC_IMPLICIT_RETAIN_SELF = YES;
				CLANG_WARN_OBJC_LITERAL_CONVERSION = YES;
				CLANG_WARN_OBJC_ROOT_CLASS = YES_ERROR;
				CLANG_WARN_QUOTED_INCLUDE_IN_FRAMEWORK_HEADER = YES;
				CLANG_WARN_RANGE_LOOP_ANALYSIS = YES;
				CLANG_WARN_STRICT_PROTOTYPES = YES;
				CLANG_WARN_SUSPICIOUS_MOVE = YES;
				CLANG_WARN_UNGUARDED_AVAILABILITY = YES_AGGRESSIVE;
				CLANG_WARN_UNREACHABLE_CODE = YES;
				CLANG_WARN__DUPLICATE_METHOD_MATCH = YES;
				COPY_PHASE_STRIP = NO;
				DEBUG_INFORMATION_FORMAT = dwarf;
				ENABLE_STRICT_OBJC_MSGSEND = YES;
				ENABLE_TESTABILITY = YES;
				ENABLE_USER_SCRIPT_SANDBOXING = YES;
				GCC_C_LANGUAGE_STANDARD = gnu17;
				GCC_DYNAMIC_NO_PIC = NO;
				GCC_NO_COMMON_BLOCKS = YES;
				GCC_OPTIMIZATION_LEVEL = 0;
				GCC_PREPROCESSOR_DEFINITIONS = (
					"DEBUG=1",
					"$(inherited)",
				);
				GCC_WARN_64_TO_32_BIT_CONVERSION = YES;
				GCC_WARN_ABOUT_RETURN_TYPE = YES_ERROR;
				GCC_WARN_UNDECLARED_SELECTOR = YES;
				GCC_WARN_UNINITIALIZED_AUTOS = YES_AGGRESSIVE;
				GCC_WARN_UNUSED_FUNCTION = YES;
				GCC_WARN_UNUSED_VARIABLE = YES;
				IPHONEOS_DEPLOYMENT_TARGET = 17.5;
				LOCALIZATION_PREFERS_STRING_CATALOGS = YES;
				MTL_ENABLE_DEBUG_INFO = INCLUDE_SOURCE;
				MTL_FAST_MATH = YES;
				ONLY_ACTIVE_ARCH = YES;
				SDKROOT = iphoneos;
				SWIFT_ACTIVE_COMPILATION_CONDITIONS = "DEBUG $(inherited)";
				SWIFT_OPTIMIZATION_LEVEL = "-Onone";
			};
			name = Debug;
		};
		A30BCD042CB1987700BCEBE8 /* Release */ = {
			isa = XCBuildConfiguration;
			buildSettings = {
				ALWAYS_SEARCH_USER_PATHS = NO;
				ASSETCATALOG_COMPILER_GENERATE_SWIFT_ASSET_SYMBOL_EXTENSIONS = YES;
				CLANG_ANALYZER_NONNULL = YES;
				CLANG_ANALYZER_NUMBER_OBJECT_CONVERSION = YES_AGGRESSIVE;
				CLANG_CXX_LANGUAGE_STANDARD = "gnu++20";
				CLANG_ENABLE_MODULES = YES;
				CLANG_ENABLE_OBJC_ARC = YES;
				CLANG_ENABLE_OBJC_WEAK = YES;
				CLANG_WARN_BLOCK_CAPTURE_AUTORELEASING = YES;
				CLANG_WARN_BOOL_CONVERSION = YES;
				CLANG_WARN_COMMA = YES;
				CLANG_WARN_CONSTANT_CONVERSION = YES;
				CLANG_WARN_DEPRECATED_OBJC_IMPLEMENTATIONS = YES;
				CLANG_WARN_DIRECT_OBJC_ISA_USAGE = YES_ERROR;
				CLANG_WARN_DOCUMENTATION_COMMENTS = YES;
				CLANG_WARN_EMPTY_BODY = YES;
				CLANG_WARN_ENUM_CONVERSION = YES;
				CLANG_WARN_INFINITE_RECURSION = YES;
				CLANG_WARN_INT_CONVERSION = YES;
				CLANG_WARN_NON_LITERAL_NULL_CONVERSION = YES;
				CLANG_WARN_OBJC_IMPLICIT_RETAIN_SELF = YES;
				CLANG_WARN_OBJC_LITERAL_CONVERSION = YES;
				CLANG_WARN_OBJC_ROOT_CLASS = YES_ERROR;
				CLANG_WARN_QUOTED_INCLUDE_IN_FRAMEWORK_HEADER = YES;
				CLANG_WARN_RANGE_LOOP_ANALYSIS = YES;
				CLANG_WARN_STRICT_PROTOTYPES = YES;
				CLANG_WARN_SUSPICIOUS_MOVE = YES;
				CLANG_WARN_UNGUARDED_AVAILABILITY = YES_AGGRESSIVE;
				CLANG_WARN_UNREACHABLE_CODE = YES;
				CLANG_WARN__DUPLICATE_METHOD_MATCH = YES;
				COPY_PHASE_STRIP = NO;
				DEBUG_INFORMATION_FORMAT = "dwarf-with-dsym";
				ENABLE_NS_ASSERTIONS = NO;
				ENABLE_STRICT_OBJC_MSGSEND = YES;
				ENABLE_USER_SCRIPT_SANDBOXING = YES;
				GCC_C_LANGUAGE_STANDARD = gnu17;
				GCC_NO_COMMON_BLOCKS = YES;
				GCC_WARN_64_TO_32_BIT_CONVERSION = YES;
				GCC_WARN_ABOUT_RETURN_TYPE = YES_ERROR;
				GCC_WARN_UNDECLARED_SELECTOR = YES;
				GCC_WARN_UNINITIALIZED_AUTOS = YES_AGGRESSIVE;
				GCC_WARN_UNUSED_FUNCTION = YES;
				GCC_WARN_UNUSED_VARIABLE = YES;
				IPHONEOS_DEPLOYMENT_TARGET = 17.5;
				LOCALIZATION_PREFERS_STRING_CATALOGS = YES;
				MTL_ENABLE_DEBUG_INFO = NO;
				MTL_FAST_MATH = YES;
				SDKROOT = iphoneos;
				SWIFT_COMPILATION_MODE = wholemodule;
				VALIDATE_PRODUCT = YES;
			};
			name = Release;
		};
		A30BCD062CB1987700BCEBE8 /* Debug */ = {
			isa = XCBuildConfiguration;
			buildSettings = {
				ASSETCATALOG_COMPILER_APPICON_NAME = AppIcon;
				ASSETCATALOG_COMPILER_GLOBAL_ACCENT_COLOR_NAME = AccentColor;
				CODE_SIGN_STYLE = Automatic;
				CURRENT_PROJECT_VERSION = 1;
				DEVELOPMENT_TEAM = 72M2493FFK;
				GENERATE_INFOPLIST_FILE = YES;
				INFOPLIST_FILE = BVPlaybackLinkSample/Info.plist;
				INFOPLIST_KEY_UIApplicationSupportsIndirectInputEvents = YES;
				INFOPLIST_KEY_UILaunchStoryboardName = LaunchScreen;
				INFOPLIST_KEY_UIMainStoryboardFile = Main;
				INFOPLIST_KEY_UISupportedInterfaceOrientations_iPad = "UIInterfaceOrientationPortrait UIInterfaceOrientationPortraitUpsideDown UIInterfaceOrientationLandscapeLeft UIInterfaceOrientationLandscapeRight";
				INFOPLIST_KEY_UISupportedInterfaceOrientations_iPhone = "UIInterfaceOrientationPortrait UIInterfaceOrientationLandscapeLeft UIInterfaceOrientationLandscapeRight";
				LD_RUNPATH_SEARCH_PATHS = (
					"$(inherited)",
					"@executable_path/Frameworks",
				);
				MARKETING_VERSION = 1.0;
				PRODUCT_BUNDLE_IDENTIFIER = BV.kks.BVPlaybackLinkSample;
				PRODUCT_NAME = "$(TARGET_NAME)";
				SWIFT_EMIT_LOC_STRINGS = YES;
				SWIFT_VERSION = 5.0;
				TARGETED_DEVICE_FAMILY = "1,2";
			};
			name = Debug;
		};
		A30BCD072CB1987700BCEBE8 /* Release */ = {
			isa = XCBuildConfiguration;
			buildSettings = {
				ASSETCATALOG_COMPILER_APPICON_NAME = AppIcon;
				ASSETCATALOG_COMPILER_GLOBAL_ACCENT_COLOR_NAME = AccentColor;
				CODE_SIGN_STYLE = Automatic;
				CURRENT_PROJECT_VERSION = 1;
				DEVELOPMENT_TEAM = 72M2493FFK;
				GENERATE_INFOPLIST_FILE = YES;
				INFOPLIST_FILE = BVPlaybackLinkSample/Info.plist;
				INFOPLIST_KEY_UIApplicationSupportsIndirectInputEvents = YES;
				INFOPLIST_KEY_UILaunchStoryboardName = LaunchScreen;
				INFOPLIST_KEY_UIMainStoryboardFile = Main;
				INFOPLIST_KEY_UISupportedInterfaceOrientations_iPad = "UIInterfaceOrientationPortrait UIInterfaceOrientationPortraitUpsideDown UIInterfaceOrientationLandscapeLeft UIInterfaceOrientationLandscapeRight";
				INFOPLIST_KEY_UISupportedInterfaceOrientations_iPhone = "UIInterfaceOrientationPortrait UIInterfaceOrientationLandscapeLeft UIInterfaceOrientationLandscapeRight";
				LD_RUNPATH_SEARCH_PATHS = (
					"$(inherited)",
					"@executable_path/Frameworks",
				);
				MARKETING_VERSION = 1.0;
				PRODUCT_BUNDLE_IDENTIFIER = BV.kks.BVPlaybackLinkSample;
				PRODUCT_NAME = "$(TARGET_NAME)";
				SWIFT_EMIT_LOC_STRINGS = YES;
				SWIFT_VERSION = 5.0;
				TARGETED_DEVICE_FAMILY = "1,2";
			};
			name = Release;
		};
/* End XCBuildConfiguration section */

/* Begin XCConfigurationList section */
		A30BCCD62CB1987200BCEBE8 /* Build configuration list for PBXProject "BVPlaybackLinkSample" */ = {
			isa = XCConfigurationList;
			buildConfigurations = (
				A30BCD032CB1987700BCEBE8 /* Debug */,
				A30BCD042CB1987700BCEBE8 /* Release */,
			);
			defaultConfigurationIsVisible = 0;
			defaultConfigurationName = Release;
		};
		A30BCD052CB1987700BCEBE8 /* Build configuration list for PBXNativeTarget "BVPlaybackLinkSample" */ = {
			isa = XCConfigurationList;
			buildConfigurations = (
				A30BCD062CB1987700BCEBE8 /* Debug */,
				A30BCD072CB1987700BCEBE8 /* Release */,
			);
			defaultConfigurationIsVisible = 0;
			defaultConfigurationName = Release;
		};
/* End XCConfigurationList section */

/* Begin XCRemoteSwiftPackageReference section */
		A30BCD0E2CB1995000BCEBE8 /* XCRemoteSwiftPackageReference "bvplayer-ios" */ = {
			isa = XCRemoteSwiftPackageReference;
			repositoryURL = "https://github.com/BlendVision/bvplayer-ios";
			requirement = {
				kind = upToNextMajorVersion;
				minimumVersion = 4.1.0;
			};
		};
		A30BCD112CB1995D00BCEBE8 /* XCRemoteSwiftPackageReference "iOS-Player-UIControls-SDK" */ = {
			isa = XCRemoteSwiftPackageReference;
			repositoryURL = "https://github.com/BlendVision/iOS-Player-UIControls-SDK";
			requirement = {
				kind = upToNextMajorVersion;
				minimumVersion = 1.0.0;
			};
		};
/* End XCRemoteSwiftPackageReference section */

/* Begin XCSwiftPackageProductDependency section */
		A30BCD0F2CB1995000BCEBE8 /* BVPlayer */ = {
			isa = XCSwiftPackageProductDependency;
			package = A30BCD0E2CB1995000BCEBE8 /* XCRemoteSwiftPackageReference "bvplayer-ios" */;
			productName = BVPlayer;
		};
		A30BCD122CB1995D00BCEBE8 /* BVUIControls */ = {
			isa = XCSwiftPackageProductDependency;
			package = A30BCD112CB1995D00BCEBE8 /* XCRemoteSwiftPackageReference "iOS-Player-UIControls-SDK" */;
			productName = BVUIControls;
		};
/* End XCSwiftPackageProductDependency section */
	};
	rootObject = A30BCCD32CB1987200BCEBE8 /* Project object */;
}
